
Microsoft Visual Studio Solution File, Format Version 12.00
# Visual Studio Version 17
VisualStudioVersion = 17.5.33502.453
MinimumVisualStudioVersion = 10.0.40219.1
Project("{FAE04EC0-301F-11D3-BF4B-00C04F79EFBC}") = "Piratenverein1", "Piratenverein1\Piratenverein1.csproj", "{31A41EBD-9FFE-47A2-8966-E08ED41E529B}"
EndProject
Global
	GlobalSection(SolutionConfigurationPlatforms) = preSolution
		Debug|Any CPU = Debug|Any CPU
		Release|Any CPU = Release|Any CPU
	EndGlobalSection
	GlobalSection(ProjectConfigurationPlatforms) = postSolution
		{31A41EBD-9FFE-47A2-8966-E08ED41E529B}.Debug|Any CPU.ActiveCfg = Debug|Any CPU
		{31A41EBD-9FFE-47A2-8966-E08ED41E529B}.Debug|Any CPU.Build.0 = Debug|Any CPU
		{31A41EBD-9FFE-47A2-8966-E08ED41E529B}.Release|Any CPU.ActiveCfg = Release|Any CPU
		{31A41EBD-9FFE-47A2-8966-E08ED41E529B}.Release|Any CPU.Build.0 = Release|Any CPU
	EndGlobalSection
	GlobalSection(SolutionProperties) = preSolution
		HideSolutionNode = FALSE
	EndGlobalSection
	GlobalSection(ExtensibilityGlobals) = postSolution
		SolutionGuid = {A17EBC8F-7E96-480B-A454-CDB67E5C3C14}
	EndGlobalSection
EndGlobal
